
Microsoft Visual Studio Solution File, Format Version 12.00
# Visual Studio Version 16
VisualStudioVersion = 16.0.31019.35
MinimumVisualStudioVersion = 10.0.40219.1
Project("{9A19103F-16F7-4668-BE54-9A1E7A4F7556}") = "bd.API", "bd.API\bd.API.csproj", "{3816B9FC-63EE-40B9-90C3-856A54EAAD72}"
EndProject
Project("{9A19103F-16F7-4668-BE54-9A1E7A4F7556}") = "bd.services", "bd.Service\bd.services.csproj", "{2268BF78-A108-4707-AC53-E33C9DC7E559}"
EndProject
Global
	GlobalSection(SolutionConfigurationPlatforms) = preSolution
		Debug|Any CPU = Debug|Any CPU
		Release|Any CPU = Release|Any CPU
	EndGlobalSection
	GlobalSection(ProjectConfigurationPlatforms) = postSolution
		{3816B9FC-63EE-40B9-90C3-856A54EAAD72}.Debug|Any CPU.ActiveCfg = Debug|Any CPU
		{3816B9FC-63EE-40B9-90C3-856A54EAAD72}.Debug|Any CPU.Build.0 = Debug|Any CPU
		{3816B9FC-63EE-40B9-90C3-856A54EAAD72}.Release|Any CPU.ActiveCfg = Release|Any CPU
		{3816B9FC-63EE-40B9-90C3-856A54EAAD72}.Release|Any CPU.Build.0 = Release|Any CPU
		{2268BF78-A108-4707-AC53-E33C9DC7E559}.Debug|Any CPU.ActiveCfg = Debug|Any CPU
		{2268BF78-A108-4707-AC53-E33C9DC7E559}.Debug|Any CPU.Build.0 = Debug|Any CPU
		{2268BF78-A108-4707-AC53-E33C9DC7E559}.Release|Any CPU.ActiveCfg = Release|Any CPU
		{2268BF78-A108-4707-AC53-E33C9DC7E559}.Release|Any CPU.Build.0 = Release|Any CPU
	EndGlobalSection
	GlobalSection(SolutionProperties) = preSolution
		HideSolutionNode = FALSE
	EndGlobalSection
	GlobalSection(ExtensibilityGlobals) = postSolution
		SolutionGuid = {F3658A44-F6D5-4A3E-B75C-FABB3889D891}
	EndGlobalSection
EndGlobal
